
Microsoft Visual Studio Solution File, Format Version 12.00
# Visual Studio Version 17
VisualStudioVersion = 17.5.002.0
MinimumVisualStudioVersion = 10.0.40219.1
Project("{9A19103F-16F7-4668-BE54-9A1E7A4F7556}") = "Rush Rh", "Rush Rh.csproj", "{3A201D35-AAD0-43E4-89F2-DB5E0F34A69A}"
EndProject
Project("{FAE04EC0-301F-11D3-BF4B-00C04F79EFBC}") = "RazorMovies", "..\..\..\RazorMovies\RazorMovies\RazorMovies.csproj", "{AB2A9421-5B04-4278-8303-0F0094C9DD8D}"
EndProject
Global
	GlobalSection(SolutionConfigurationPlatforms) = preSolution
		Debug|Any CPU = Debug|Any CPU
		Release|Any CPU = Release|Any CPU
	EndGlobalSection
	GlobalSection(ProjectConfigurationPlatforms) = postSolution
		{3A201D35-AAD0-43E4-89F2-DB5E0F34A69A}.Debug|Any CPU.ActiveCfg = Debug|Any CPU
		{3A201D35-AAD0-43E4-89F2-DB5E0F34A69A}.Debug|Any CPU.Build.0 = Debug|Any CPU
		{3A201D35-AAD0-43E4-89F2-DB5E0F34A69A}.Release|Any CPU.ActiveCfg = Release|Any CPU
		{3A201D35-AAD0-43E4-89F2-DB5E0F34A69A}.Release|Any CPU.Build.0 = Release|Any CPU
		{AB2A9421-5B04-4278-8303-0F0094C9DD8D}.Debug|Any CPU.ActiveCfg = Debug|Any CPU
		{AB2A9421-5B04-4278-8303-0F0094C9DD8D}.Debug|Any CPU.Build.0 = Debug|Any CPU
		{AB2A9421-5B04-4278-8303-0F0094C9DD8D}.Release|Any CPU.ActiveCfg = Release|Any CPU
		{AB2A9421-5B04-4278-8303-0F0094C9DD8D}.Release|Any CPU.Build.0 = Release|Any CPU
	EndGlobalSection
	GlobalSection(SolutionProperties) = preSolution
		HideSolutionNode = FALSE
	EndGlobalSection
	GlobalSection(ExtensibilityGlobals) = postSolution
		SolutionGuid = {E8A1B84D-1D1C-48B9-806A-E49EF17D9081}
	EndGlobalSection
EndGlobal
